
Microsoft Visual Studio Solution File, Format Version 12.00
# Visual Studio Version 16
VisualStudioVersion = 16.0.31424.327
MinimumVisualStudioVersion = 10.0.40219.1
Project("{9A19103F-16F7-4668-BE54-9A1E7A4F7556}") = "AspDotNetGo.Web", "AspDotNetGo\AspDotNetGo.Web.csproj", "{A121AB87-FB79-4A15-9792-8E64F94EE9F8}"
EndProject
Project("{2150E333-8FDC-42A3-9474-1A3956D46DE8}") = "实体对象层", "实体对象层", "{CE886592-E8E1-4FF4-92CA-B921D9413C05}"
EndProject
Project("{2150E333-8FDC-42A3-9474-1A3956D46DE8}") = "数据仓储层", "数据仓储层", "{5B76C727-AE71-4675-9F31-3E8151544EFE}"
EndProject
Project("{2150E333-8FDC-42A3-9474-1A3956D46DE8}") = "服务接口层", "服务接口层", "{8571B845-97D8-4638-900B-DBBDD59B0C41}"
EndProject
Project("{2150E333-8FDC-42A3-9474-1A3956D46DE8}") = "服务宿主层", "服务宿主层", "{6BF956D6-B983-422F-8CD4-7E5109316BD7}"
EndProject
Project("{2150E333-8FDC-42A3-9474-1A3956D46DE8}") = "公共基础层", "公共基础层", "{0A1B25FB-49B6-499B-93FC-203E1CAA2F60}"
EndProject
Project("{9A19103F-16F7-4668-BE54-9A1E7A4F7556}") = "AspDotNetGo.Controllers", "AspDotNetGo.Controller\AspDotNetGo.Controllers.csproj", "{552BE853-B217-4875-B733-6287B37B1EBD}"
	ProjectSection(ProjectDependencies) = postProject
		{AB170676-35AC-4EB4-9DE4-26E455A39E4B} = {AB170676-35AC-4EB4-9DE4-26E455A39E4B}
	EndProjectSection
EndProject
Project("{9A19103F-16F7-4668-BE54-9A1E7A4F7556}") = "AspDotNetGo.Service", "AspDotNetGo.Service\AspDotNetGo.Service.csproj", "{712D6731-3556-490F-B0A6-340732713232}"
EndProject
Project("{9A19103F-16F7-4668-BE54-9A1E7A4F7556}") = "AspDotNetGo.IService", "AspDotNetGo.IService\AspDotNetGo.IService.csproj", "{37CBF78B-FA92-4DB2-AB04-35DC580990A2}"
EndProject
Project("{9A19103F-16F7-4668-BE54-9A1E7A4F7556}") = "AspDotNetGo.Repository", "AspDotNetGo.Repository\AspDotNetGo.Repository.csproj", "{5D612607-0BC3-46C6-8BEF-EE4C1B3594CF}"
EndProject
Project("{9A19103F-16F7-4668-BE54-9A1E7A4F7556}") = "AspDotNetGo.IRepository", "AspDotNetGo.IRepository\AspDotNetGo.IRepository.csproj", "{B346BECD-4FD7-46AA-BF01-C1FC4135B361}"
EndProject
Project("{9A19103F-16F7-4668-BE54-9A1E7A4F7556}") = "AspDotNetGo.Models", "AspDotNetGo.Models\AspDotNetGo.Models.csproj", "{AB170676-35AC-4EB4-9DE4-26E455A39E4B}"
EndProject
Project("{9A19103F-16F7-4668-BE54-9A1E7A4F7556}") = "AspDotNetGo.Common", "AspDotNetGo.Common\AspDotNetGo.Common.csproj", "{7E309CD0-3874-46F2-83CD-FD3AC8D88C74}"
EndProject
Global
	GlobalSection(SolutionConfigurationPlatforms) = preSolution
		Debug|Any CPU = Debug|Any CPU
		Release|Any CPU = Release|Any CPU
	EndGlobalSection
	GlobalSection(ProjectConfigurationPlatforms) = postSolution
		{A121AB87-FB79-4A15-9792-8E64F94EE9F8}.Debug|Any CPU.ActiveCfg = Debug|Any CPU
		{A121AB87-FB79-4A15-9792-8E64F94EE9F8}.Debug|Any CPU.Build.0 = Debug|Any CPU
		{A121AB87-FB79-4A15-9792-8E64F94EE9F8}.Release|Any CPU.ActiveCfg = Release|Any CPU
		{A121AB87-FB79-4A15-9792-8E64F94EE9F8}.Release|Any CPU.Build.0 = Release|Any CPU
		{552BE853-B217-4875-B733-6287B37B1EBD}.Debug|Any CPU.ActiveCfg = Debug|Any CPU
		{552BE853-B217-4875-B733-6287B37B1EBD}.Debug|Any CPU.Build.0 = Debug|Any CPU
		{552BE853-B217-4875-B733-6287B37B1EBD}.Release|Any CPU.ActiveCfg = Release|Any CPU
		{552BE853-B217-4875-B733-6287B37B1EBD}.Release|Any CPU.Build.0 = Release|Any CPU
		{712D6731-3556-490F-B0A6-340732713232}.Debug|Any CPU.ActiveCfg = Debug|Any CPU
		{712D6731-3556-490F-B0A6-340732713232}.Debug|Any CPU.Build.0 = Debug|Any CPU
		{712D6731-3556-490F-B0A6-340732713232}.Release|Any CPU.ActiveCfg = Release|Any CPU
		{712D6731-3556-490F-B0A6-340732713232}.Release|Any CPU.Build.0 = Release|Any CPU
		{37CBF78B-FA92-4DB2-AB04-35DC580990A2}.Debug|Any CPU.ActiveCfg = Debug|Any CPU
		{37CBF78B-FA92-4DB2-AB04-35DC580990A2}.Debug|Any CPU.Build.0 = Debug|Any CPU
		{37CBF78B-FA92-4DB2-AB04-35DC580990A2}.Release|Any CPU.ActiveCfg = Release|Any CPU
		{37CBF78B-FA92-4DB2-AB04-35DC580990A2}.Release|Any CPU.Build.0 = Release|Any CPU
		{5D612607-0BC3-46C6-8BEF-EE4C1B3594CF}.Debug|Any CPU.ActiveCfg = Debug|Any CPU
		{5D612607-0BC3-46C6-8BEF-EE4C1B3594CF}.Debug|Any CPU.Build.0 = Debug|Any CPU
		{5D612607-0BC3-46C6-8BEF-EE4C1B3594CF}.Release|Any CPU.ActiveCfg = Release|Any CPU
		{5D612607-0BC3-46C6-8BEF-EE4C1B3594CF}.Release|Any CPU.Build.0 = Release|Any CPU
		{B346BECD-4FD7-46AA-BF01-C1FC4135B361}.Debug|Any CPU.ActiveCfg = Debug|Any CPU
		{B346BECD-4FD7-46AA-BF01-C1FC4135B361}.Debug|Any CPU.Build.0 = Debug|Any CPU
		{B346BECD-4FD7-46AA-BF01-C1FC4135B361}.Release|Any CPU.ActiveCfg = Release|Any CPU
		{B346BECD-4FD7-46AA-BF01-C1FC4135B361}.Release|Any CPU.Build.0 = Release|Any CPU
		{AB170676-35AC-4EB4-9DE4-26E455A39E4B}.Debug|Any CPU.ActiveCfg = Debug|Any CPU
		{AB170676-35AC-4EB4-9DE4-26E455A39E4B}.Debug|Any CPU.Build.0 = Debug|Any CPU
		{AB170676-35AC-4EB4-9DE4-26E455A39E4B}.Release|Any CPU.ActiveCfg = Release|Any CPU
		{AB170676-35AC-4EB4-9DE4-26E455A39E4B}.Release|Any CPU.Build.0 = Release|Any CPU
		{7E309CD0-3874-46F2-83CD-FD3AC8D88C74}.Debug|Any CPU.ActiveCfg = Debug|Any CPU
		{7E309CD0-3874-46F2-83CD-FD3AC8D88C74}.Debug|Any CPU.Build.0 = Debug|Any CPU
		{7E309CD0-3874-46F2-83CD-FD3AC8D88C74}.Release|Any CPU.ActiveCfg = Release|Any CPU
		{7E309CD0-3874-46F2-83CD-FD3AC8D88C74}.Release|Any CPU.Build.0 = Release|Any CPU
	EndGlobalSection
	GlobalSection(SolutionProperties) = preSolution
		HideSolutionNode = FALSE
	EndGlobalSection
	GlobalSection(NestedProjects) = preSolution
		{A121AB87-FB79-4A15-9792-8E64F94EE9F8} = {6BF956D6-B983-422F-8CD4-7E5109316BD7}
		{552BE853-B217-4875-B733-6287B37B1EBD} = {6BF956D6-B983-422F-8CD4-7E5109316BD7}
		{712D6731-3556-490F-B0A6-340732713232} = {8571B845-97D8-4638-900B-DBBDD59B0C41}
		{37CBF78B-FA92-4DB2-AB04-35DC580990A2} = {8571B845-97D8-4638-900B-DBBDD59B0C41}
		{5D612607-0BC3-46C6-8BEF-EE4C1B3594CF} = {5B76C727-AE71-4675-9F31-3E8151544EFE}
		{B346BECD-4FD7-46AA-BF01-C1FC4135B361} = {5B76C727-AE71-4675-9F31-3E8151544EFE}
		{AB170676-35AC-4EB4-9DE4-26E455A39E4B} = {CE886592-E8E1-4FF4-92CA-B921D9413C05}
		{7E309CD0-3874-46F2-83CD-FD3AC8D88C74} = {0A1B25FB-49B6-499B-93FC-203E1CAA2F60}
	EndGlobalSection
	GlobalSection(ExtensibilityGlobals) = postSolution
		SolutionGuid = {C5CCEB85-84A8-42D8-989D-44C5BAF8CEB9}
	EndGlobalSection
EndGlobal
